
Microsoft Visual Studio Solution File, Format Version 12.00
# Visual Studio Version 16
VisualStudioVersion = 16.0.30225.117
MinimumVisualStudioVersion = 10.0.40219.1
Project("{9A19103F-16F7-4668-BE54-9A1E7A4F7556}") = "Mosali.Web", "Mosali\Mosali.Web.csproj", "{FC9A6F92-D0E6-488A-809F-171AA7C11667}"
EndProject
Project("{2150E333-8FDC-42A3-9474-1A3956D46DE8}") = "0 - Presentation", "0 - Presentation", "{6B53FDF9-FCE9-4111-B3A0-2FE9D2383CD8}"
EndProject
Project("{2150E333-8FDC-42A3-9474-1A3956D46DE8}") = "1 - Application", "1 - Application", "{1C9597AD-A8B3-454B-B2D7-4737510014E4}"
EndProject
Project("{2150E333-8FDC-42A3-9474-1A3956D46DE8}") = "2 - Domaine", "2 - Domaine", "{CCE88535-793C-4D66-AA37-9278F7E22D2D}"
EndProject
Project("{2150E333-8FDC-42A3-9474-1A3956D46DE8}") = "3 - Insfrastructure", "3 - Insfrastructure", "{FE4DC564-DDD3-4860-89B1-BEDBB13FA305}"
EndProject
Project("{2150E333-8FDC-42A3-9474-1A3956D46DE8}") = "4 - Exceptions", "4 - Exceptions", "{A14F5F2C-9362-49D6-9736-B17E73D26D6F}"
EndProject
Project("{9A19103F-16F7-4668-BE54-9A1E7A4F7556}") = "Mosali.Web.Tests", "Mosali.Web.Tests\Mosali.Web.Tests.csproj", "{17D02002-18A9-4A54-A3F4-371B6D7F6FE1}"
EndProject
Project("{9A19103F-16F7-4668-BE54-9A1E7A4F7556}") = "Mosali.Application", "Mosali.Application\Mosali.Application.csproj", "{0782425C-DD37-413F-9F9D-F89F8F2EDED1}"
EndProject
Project("{9A19103F-16F7-4668-BE54-9A1E7A4F7556}") = "Mosali.Application.Tests", "Mosali.Application.Tests\Mosali.Application.Tests.csproj", "{701E5107-A47D-4C6D-BE02-8BF9C8D17E8C}"
EndProject
Project("{9A19103F-16F7-4668-BE54-9A1E7A4F7556}") = "Mosali.Domaine", "Mosali.Domaine\Mosali.Domaine.csproj", "{4C39844D-EA06-4EDD-8F77-AAB9643890DC}"
EndProject
Project("{9A19103F-16F7-4668-BE54-9A1E7A4F7556}") = "Mosali.Domaine.Tests", "Mosali.Domaine.Tests\Mosali.Domaine.Tests.csproj", "{A1814301-1DB4-494B-9B97-12AD7575FBFF}"
EndProject
Project("{2150E333-8FDC-42A3-9474-1A3956D46DE8}") = "3.1 - Data", "3.1 - Data", "{1BA2124B-8934-4AF4-9CB9-4239210EEB16}"
EndProject
Project("{2150E333-8FDC-42A3-9474-1A3956D46DE8}") = "3.2 - IOC", "3.2 - IOC", "{18322BD0-C3CC-471F-AC02-D92B35BFDD21}"
EndProject
Project("{9A19103F-16F7-4668-BE54-9A1E7A4F7556}") = "Mosali.Infrastructure.IOC", "Mosali.Infrastructure.IOC\Mosali.Infrastructure.IOC.csproj", "{C5F1386C-767E-40BD-BA77-B3E3F0DB25E9}"
EndProject
Project("{9A19103F-16F7-4668-BE54-9A1E7A4F7556}") = "Mosali.Infrastructure.Data", "Mosali.Infrastructure.Data\Mosali.Infrastructure.Data.csproj", "{012A844B-E300-4E11-9E57-69C1A8561172}"
EndProject
Project("{9A19103F-16F7-4668-BE54-9A1E7A4F7556}") = "Mosali.Exceptions", "Mosali.Exception\Mosali.Exceptions.csproj", "{AEB02017-D866-41D3-B8AD-9E950CBF9BBA}"
EndProject
Project("{9A19103F-16F7-4668-BE54-9A1E7A4F7556}") = "Mosali.Infrastructure.Data.Tests", "Mosali.Infrastructure.Data.Tests\Mosali.Infrastructure.Data.Tests.csproj", "{5BEEF161-E2CB-404F-B1AB-C2A48D4ED6D8}"
EndProject
Global
	GlobalSection(SolutionConfigurationPlatforms) = preSolution
		Debug|Any CPU = Debug|Any CPU
		Release|Any CPU = Release|Any CPU
	EndGlobalSection
	GlobalSection(ProjectConfigurationPlatforms) = postSolution
		{FC9A6F92-D0E6-488A-809F-171AA7C11667}.Debug|Any CPU.ActiveCfg = Debug|Any CPU
		{FC9A6F92-D0E6-488A-809F-171AA7C11667}.Debug|Any CPU.Build.0 = Debug|Any CPU
		{FC9A6F92-D0E6-488A-809F-171AA7C11667}.Release|Any CPU.ActiveCfg = Release|Any CPU
		{FC9A6F92-D0E6-488A-809F-171AA7C11667}.Release|Any CPU.Build.0 = Release|Any CPU
		{17D02002-18A9-4A54-A3F4-371B6D7F6FE1}.Debug|Any CPU.ActiveCfg = Debug|Any CPU
		{17D02002-18A9-4A54-A3F4-371B6D7F6FE1}.Debug|Any CPU.Build.0 = Debug|Any CPU
		{17D02002-18A9-4A54-A3F4-371B6D7F6FE1}.Release|Any CPU.ActiveCfg = Release|Any CPU
		{17D02002-18A9-4A54-A3F4-371B6D7F6FE1}.Release|Any CPU.Build.0 = Release|Any CPU
		{0782425C-DD37-413F-9F9D-F89F8F2EDED1}.Debug|Any CPU.ActiveCfg = Debug|Any CPU
		{0782425C-DD37-413F-9F9D-F89F8F2EDED1}.Debug|Any CPU.Build.0 = Debug|Any CPU
		{0782425C-DD37-413F-9F9D-F89F8F2EDED1}.Release|Any CPU.ActiveCfg = Release|Any CPU
		{0782425C-DD37-413F-9F9D-F89F8F2EDED1}.Release|Any CPU.Build.0 = Release|Any CPU
		{701E5107-A47D-4C6D-BE02-8BF9C8D17E8C}.Debug|Any CPU.ActiveCfg = Debug|Any CPU
		{701E5107-A47D-4C6D-BE02-8BF9C8D17E8C}.Debug|Any CPU.Build.0 = Debug|Any CPU
		{701E5107-A47D-4C6D-BE02-8BF9C8D17E8C}.Release|Any CPU.ActiveCfg = Release|Any CPU
		{701E5107-A47D-4C6D-BE02-8BF9C8D17E8C}.Release|Any CPU.Build.0 = Release|Any CPU
		{4C39844D-EA06-4EDD-8F77-AAB9643890DC}.Debug|Any CPU.ActiveCfg = Debug|Any CPU
		{4C39844D-EA06-4EDD-8F77-AAB9643890DC}.Debug|Any CPU.Build.0 = Debug|Any CPU
		{4C39844D-EA06-4EDD-8F77-AAB9643890DC}.Release|Any CPU.ActiveCfg = Release|Any CPU
		{4C39844D-EA06-4EDD-8F77-AAB9643890DC}.Release|Any CPU.Build.0 = Release|Any CPU
		{A1814301-1DB4-494B-9B97-12AD7575FBFF}.Debug|Any CPU.ActiveCfg = Debug|Any CPU
		{A1814301-1DB4-494B-9B97-12AD7575FBFF}.Debug|Any CPU.Build.0 = Debug|Any CPU
		{A1814301-1DB4-494B-9B97-12AD7575FBFF}.Release|Any CPU.ActiveCfg = Release|Any CPU
		{A1814301-1DB4-494B-9B97-12AD7575FBFF}.Release|Any CPU.Build.0 = Release|Any CPU
		{C5F1386C-767E-40BD-BA77-B3E3F0DB25E9}.Debug|Any CPU.ActiveCfg = Debug|Any CPU
		{C5F1386C-767E-40BD-BA77-B3E3F0DB25E9}.Debug|Any CPU.Build.0 = Debug|Any CPU
		{C5F1386C-767E-40BD-BA77-B3E3F0DB25E9}.Release|Any CPU.ActiveCfg = Release|Any CPU
		{C5F1386C-767E-40BD-BA77-B3E3F0DB25E9}.Release|Any CPU.Build.0 = Release|Any CPU
		{012A844B-E300-4E11-9E57-69C1A8561172}.Debug|Any CPU.ActiveCfg = Debug|Any CPU
		{012A844B-E300-4E11-9E57-69C1A8561172}.Debug|Any CPU.Build.0 = Debug|Any CPU
		{012A844B-E300-4E11-9E57-69C1A8561172}.Release|Any CPU.ActiveCfg = Release|Any CPU
		{012A844B-E300-4E11-9E57-69C1A8561172}.Release|Any CPU.Build.0 = Release|Any CPU
		{AEB02017-D866-41D3-B8AD-9E950CBF9BBA}.Debug|Any CPU.ActiveCfg = Debug|Any CPU
		{AEB02017-D866-41D3-B8AD-9E950CBF9BBA}.Debug|Any CPU.Build.0 = Debug|Any CPU
		{AEB02017-D866-41D3-B8AD-9E950CBF9BBA}.Release|Any CPU.ActiveCfg = Release|Any CPU
		{AEB02017-D866-41D3-B8AD-9E950CBF9BBA}.Release|Any CPU.Build.0 = Release|Any CPU
		{5BEEF161-E2CB-404F-B1AB-C2A48D4ED6D8}.Debug|Any CPU.ActiveCfg = Debug|Any CPU
		{5BEEF161-E2CB-404F-B1AB-C2A48D4ED6D8}.Debug|Any CPU.Build.0 = Debug|Any CPU
		{5BEEF161-E2CB-404F-B1AB-C2A48D4ED6D8}.Release|Any CPU.ActiveCfg = Release|Any CPU
		{5BEEF161-E2CB-404F-B1AB-C2A48D4ED6D8}.Release|Any CPU.Build.0 = Release|Any CPU
	EndGlobalSection
	GlobalSection(SolutionProperties) = preSolution
		HideSolutionNode = FALSE
	EndGlobalSection
	GlobalSection(NestedProjects) = preSolution
		{FC9A6F92-D0E6-488A-809F-171AA7C11667} = {6B53FDF9-FCE9-4111-B3A0-2FE9D2383CD8}
		{17D02002-18A9-4A54-A3F4-371B6D7F6FE1} = {6B53FDF9-FCE9-4111-B3A0-2FE9D2383CD8}
		{0782425C-DD37-413F-9F9D-F89F8F2EDED1} = {1C9597AD-A8B3-454B-B2D7-4737510014E4}
		{701E5107-A47D-4C6D-BE02-8BF9C8D17E8C} = {1C9597AD-A8B3-454B-B2D7-4737510014E4}
		{4C39844D-EA06-4EDD-8F77-AAB9643890DC} = {CCE88535-793C-4D66-AA37-9278F7E22D2D}
		{A1814301-1DB4-494B-9B97-12AD7575FBFF} = {CCE88535-793C-4D66-AA37-9278F7E22D2D}
		{1BA2124B-8934-4AF4-9CB9-4239210EEB16} = {FE4DC564-DDD3-4860-89B1-BEDBB13FA305}
		{18322BD0-C3CC-471F-AC02-D92B35BFDD21} = {FE4DC564-DDD3-4860-89B1-BEDBB13FA305}
		{C5F1386C-767E-40BD-BA77-B3E3F0DB25E9} = {18322BD0-C3CC-471F-AC02-D92B35BFDD21}
		{012A844B-E300-4E11-9E57-69C1A8561172} = {1BA2124B-8934-4AF4-9CB9-4239210EEB16}
		{AEB02017-D866-41D3-B8AD-9E950CBF9BBA} = {A14F5F2C-9362-49D6-9736-B17E73D26D6F}
		{5BEEF161-E2CB-404F-B1AB-C2A48D4ED6D8} = {1BA2124B-8934-4AF4-9CB9-4239210EEB16}
	EndGlobalSection
	GlobalSection(ExtensibilityGlobals) = postSolution
		SolutionGuid = {7877EC0B-1FF7-4CC7-9769-955F9EFF1E31}
	EndGlobalSection
EndGlobal
